
Microsoft Visual Studio Solution File, Format Version 12.00
# Visual Studio Version 17
VisualStudioVersion = 17.0.31903.59
MinimumVisualStudioVersion = 10.0.40219.1
Project("{2150E333-8FDC-42A3-9474-1A3956D46DE8}") = "src", "src", "{0B417A9A-FC4E-4160-A417-FBC94D51BB37}"
EndProject
Project("{FAE04EC0-301F-11D3-BF4B-00C04F79EFBC}") = "LifeSim.Core", "src\LifeSim.Core\LifeSim.Core.csproj", "{AECFB2F7-7D23-4187-B6A2-4112C8B820CC}"
EndProject
Project("{FAE04EC0-301F-11D3-BF4B-00C04F79EFBC}") = "LifeSim.World", "src\LifeSim.World\LifeSim.World.csproj", "{D52AEB70-A0E0-43A7-BF1A-31A4E889A556}"
EndProject
Project("{FAE04EC0-301F-11D3-BF4B-00C04F79EFBC}") = "LifeSim.AI", "src\LifeSim.AI\LifeSim.AI.csproj", "{187B0002-C37B-4C01-AAB6-86DC19D757CA}"
EndProject
Project("{FAE04EC0-301F-11D3-BF4B-00C04F79EFBC}") = "LifeSim.Persistence", "src\LifeSim.Persistence\LifeSim.Persistence.csproj", "{E689279E-0BDB-47D4-ACDB-28734ECAA819}"
EndProject
Project("{FAE04EC0-301F-11D3-BF4B-00C04F79EFBC}") = "LifeSim.Console", "src\LifeSim.Console\LifeSim.Console.csproj", "{BB016643-6F4F-4E37-9D57-F980D09A582B}"
EndProject
Project("{2150E333-8FDC-42A3-9474-1A3956D46DE8}") = "tests", "tests", "{0E9499C9-93DA-4904-8DC4-669CB31143D4}"
EndProject
Project("{FAE04EC0-301F-11D3-BF4B-00C04F79EFBC}") = "LifeSim.Core.Tests", "tests\LifeSim.Core.Tests\LifeSim.Core.Tests.csproj", "{3DCDA944-1173-468E-ADE0-33B40911500B}"
EndProject
Project("{FAE04EC0-301F-11D3-BF4B-00C04F79EFBC}") = "LifeSim.World.Tests", "tests\LifeSim.World.Tests\LifeSim.World.Tests.csproj", "{B5E87E25-609B-4022-94B1-C91051562B23}"
EndProject
Project("{FAE04EC0-301F-11D3-BF4B-00C04F79EFBC}") = "LifeSim.AI.Tests", "tests\LifeSim.AI.Tests\LifeSim.AI.Tests.csproj", "{6C8A534D-9174-4A9B-86DB-63390B6D09E8}"
EndProject
Project("{FAE04EC0-301F-11D3-BF4B-00C04F79EFBC}") = "LifeSim.Console.Tests", "tests\LifeSim.Console.Tests\LifeSim.Console.Tests.csproj", "{C548A1BE-6A96-4091-A87D-65EF838CF124}"
EndProject
Project("{FAE04EC0-301F-11D3-BF4B-00C04F79EFBC}") = "LifeSim.Persistence.Tests", "tests\LifeSim.Persistence.Tests\LifeSim.Persistence.Tests.csproj", "{46C57D41-BA26-453C-AE17-D6289F4CBAEA}"
EndProject
Global
	GlobalSection(SolutionConfigurationPlatforms) = preSolution
		Debug|Any CPU = Debug|Any CPU
		Release|Any CPU = Release|Any CPU
	EndGlobalSection
	GlobalSection(SolutionProperties) = preSolution
		HideSolutionNode = FALSE
	EndGlobalSection
	GlobalSection(ProjectConfigurationPlatforms) = postSolution
		{AECFB2F7-7D23-4187-B6A2-4112C8B820CC}.Debug|Any CPU.ActiveCfg = Debug|Any CPU
		{AECFB2F7-7D23-4187-B6A2-4112C8B820CC}.Debug|Any CPU.Build.0 = Debug|Any CPU
		{AECFB2F7-7D23-4187-B6A2-4112C8B820CC}.Release|Any CPU.ActiveCfg = Release|Any CPU
		{AECFB2F7-7D23-4187-B6A2-4112C8B820CC}.Release|Any CPU.Build.0 = Release|Any CPU
		{D52AEB70-A0E0-43A7-BF1A-31A4E889A556}.Debug|Any CPU.ActiveCfg = Debug|Any CPU
		{D52AEB70-A0E0-43A7-BF1A-31A4E889A556}.Debug|Any CPU.Build.0 = Debug|Any CPU
		{D52AEB70-A0E0-43A7-BF1A-31A4E889A556}.Release|Any CPU.ActiveCfg = Release|Any CPU
		{D52AEB70-A0E0-43A7-BF1A-31A4E889A556}.Release|Any CPU.Build.0 = Release|Any CPU
		{187B0002-C37B-4C01-AAB6-86DC19D757CA}.Debug|Any CPU.ActiveCfg = Debug|Any CPU
		{187B0002-C37B-4C01-AAB6-86DC19D757CA}.Debug|Any CPU.Build.0 = Debug|Any CPU
		{187B0002-C37B-4C01-AAB6-86DC19D757CA}.Release|Any CPU.ActiveCfg = Release|Any CPU
		{187B0002-C37B-4C01-AAB6-86DC19D757CA}.Release|Any CPU.Build.0 = Release|Any CPU
		{E689279E-0BDB-47D4-ACDB-28734ECAA819}.Debug|Any CPU.ActiveCfg = Debug|Any CPU
		{E689279E-0BDB-47D4-ACDB-28734ECAA819}.Debug|Any CPU.Build.0 = Debug|Any CPU
		{E689279E-0BDB-47D4-ACDB-28734ECAA819}.Release|Any CPU.ActiveCfg = Release|Any CPU
		{E689279E-0BDB-47D4-ACDB-28734ECAA819}.Release|Any CPU.Build.0 = Release|Any CPU
		{BB016643-6F4F-4E37-9D57-F980D09A582B}.Debug|Any CPU.ActiveCfg = Debug|Any CPU
		{BB016643-6F4F-4E37-9D57-F980D09A582B}.Debug|Any CPU.Build.0 = Debug|Any CPU
		{BB016643-6F4F-4E37-9D57-F980D09A582B}.Release|Any CPU.ActiveCfg = Release|Any CPU
		{BB016643-6F4F-4E37-9D57-F980D09A582B}.Release|Any CPU.Build.0 = Release|Any CPU
		{3DCDA944-1173-468E-ADE0-33B40911500B}.Debug|Any CPU.ActiveCfg = Debug|Any CPU
		{3DCDA944-1173-468E-ADE0-33B40911500B}.Debug|Any CPU.Build.0 = Debug|Any CPU
		{3DCDA944-1173-468E-ADE0-33B40911500B}.Release|Any CPU.ActiveCfg = Release|Any CPU
		{3DCDA944-1173-468E-ADE0-33B40911500B}.Release|Any CPU.Build.0 = Release|Any CPU
		{B5E87E25-609B-4022-94B1-C91051562B23}.Debug|Any CPU.ActiveCfg = Debug|Any CPU
		{B5E87E25-609B-4022-94B1-C91051562B23}.Debug|Any CPU.Build.0 = Debug|Any CPU
		{B5E87E25-609B-4022-94B1-C91051562B23}.Release|Any CPU.ActiveCfg = Release|Any CPU
		{B5E87E25-609B-4022-94B1-C91051562B23}.Release|Any CPU.Build.0 = Release|Any CPU
		{6C8A534D-9174-4A9B-86DB-63390B6D09E8}.Debug|Any CPU.ActiveCfg = Debug|Any CPU
		{6C8A534D-9174-4A9B-86DB-63390B6D09E8}.Debug|Any CPU.Build.0 = Debug|Any CPU
		{6C8A534D-9174-4A9B-86DB-63390B6D09E8}.Release|Any CPU.ActiveCfg = Release|Any CPU
		{6C8A534D-9174-4A9B-86DB-63390B6D09E8}.Release|Any CPU.Build.0 = Release|Any CPU
		{C548A1BE-6A96-4091-A87D-65EF838CF124}.Debug|Any CPU.ActiveCfg = Debug|Any CPU
		{C548A1BE-6A96-4091-A87D-65EF838CF124}.Debug|Any CPU.Build.0 = Debug|Any CPU
		{C548A1BE-6A96-4091-A87D-65EF838CF124}.Release|Any CPU.ActiveCfg = Release|Any CPU
		{C548A1BE-6A96-4091-A87D-65EF838CF124}.Release|Any CPU.Build.0 = Release|Any CPU
		{46C57D41-BA26-453C-AE17-D6289F4CBAEA}.Debug|Any CPU.ActiveCfg = Debug|Any CPU
		{46C57D41-BA26-453C-AE17-D6289F4CBAEA}.Debug|Any CPU.Build.0 = Debug|Any CPU
		{46C57D41-BA26-453C-AE17-D6289F4CBAEA}.Release|Any CPU.ActiveCfg = Release|Any CPU
		{46C57D41-BA26-453C-AE17-D6289F4CBAEA}.Release|Any CPU.Build.0 = Release|Any CPU
	EndGlobalSection
	GlobalSection(NestedProjects) = preSolution
		{AECFB2F7-7D23-4187-B6A2-4112C8B820CC} = {0B417A9A-FC4E-4160-A417-FBC94D51BB37}
		{D52AEB70-A0E0-43A7-BF1A-31A4E889A556} = {0B417A9A-FC4E-4160-A417-FBC94D51BB37}
		{187B0002-C37B-4C01-AAB6-86DC19D757CA} = {0B417A9A-FC4E-4160-A417-FBC94D51BB37}
		{E689279E-0BDB-47D4-ACDB-28734ECAA819} = {0B417A9A-FC4E-4160-A417-FBC94D51BB37}
		{BB016643-6F4F-4E37-9D57-F980D09A582B} = {0B417A9A-FC4E-4160-A417-FBC94D51BB37}
		{3DCDA944-1173-468E-ADE0-33B40911500B} = {0E9499C9-93DA-4904-8DC4-669CB31143D4}
		{B5E87E25-609B-4022-94B1-C91051562B23} = {0E9499C9-93DA-4904-8DC4-669CB31143D4}
		{6C8A534D-9174-4A9B-86DB-63390B6D09E8} = {0E9499C9-93DA-4904-8DC4-669CB31143D4}
		{C548A1BE-6A96-4091-A87D-65EF838CF124} = {0E9499C9-93DA-4904-8DC4-669CB31143D4}
		{46C57D41-BA26-453C-AE17-D6289F4CBAEA} = {0E9499C9-93DA-4904-8DC4-669CB31143D4}
	EndGlobalSection
EndGlobal
