{
  "version": 2,
  "dependencies": {
    "net10.0": {
      "JsonSchema.Net": {
        "type": "Direct",
        "requested": "[7.3.2, )",
        "resolved": "7.3.2",
        "contentHash": "x+xwg6GyKFCkM5/i3MKvJtYcOH3vPFAqZhxnOM5x/0hvewOccBACNOWeei75U7gPa8kYRfpXk33GG67q28D86g==",
        "dependencies": {
          "JsonPointer.Net": "5.3.1"
        }
      },
      "Microsoft.Extensions.AI": {
        "type": "Direct",
        "requested": "[10.10.0, )",
        "resolved": "10.10.0",
        "contentHash": "XKvtDUD3KySkvA5UpS+UF67M5rcqiXjAQchTZZ26WnavVKXxwlUTVdK/Ju0tc/25+16AVUdNl8cnVVGX/tx03A==",
        "dependencies": {
          "Microsoft.Extensions.AI.Abstractions": "10.10.0",
          "Microsoft.Extensions.Caching.Abstractions": "10.0.12",
          "Microsoft.Extensions.DependencyInjection.Abstractions": "10.0.12",
          "Microsoft.Extensions.Logging.Abstractions": "10.0.12",
          "System.Numerics.Tensors": "10.0.12"
        }
      },
      "Microsoft.Extensions.AI.OpenAI": {
        "type": "Direct",
        "requested": "[10.10.0, )",
        "resolved": "10.10.0",
        "contentHash": "Z5uwqIJ0tGp50P+ark1/qb7wFa6inIRKvaR3L9Frtf7M9uGIil/cz4k9S7va8HMrXzE/xjIJqd6A9cJ7WlMpgg==",
        "dependencies": {
          "Microsoft.Extensions.AI.Abstractions": "10.10.0",
          "OpenAI": "2.13.0"
        }
      },
      "Polly": {
        "type": "Direct",
        "requested": "[8.5.2, )",
        "resolved": "8.5.2",
        "contentHash": "vbXsGgkG86nG+TOwY+SmtrGrRHmHH0DQaxtILx//d3Dz/ocJ8izSNYzdvU2gEtWa/LDD8zJLvD3HdjEkdlvkhg==",
        "dependencies": {
          "Polly.Core": "8.5.2"
        }
      },
      "Humanizer.Core": {
        "type": "Transitive",
        "resolved": "2.14.1",
        "contentHash": "lQKvtaTDOXnoVJ20ibTuSIOf2i0uO0MPbDhd1jm238I+U/2ZnRENj0cktKZhtchBMtCUSRQ5v4xBCUbKNmyVMw=="
      },
      "Json.More.Net": {
        "type": "Transitive",
        "resolved": "2.1.1",
        "contentHash": "ZXAKl2VsdnIZeUo1PFII3Oi1m1L4YQjEyDjygHfHln5vgsjgIo749X6xWkv7qFYp8RROES+vOEfDcvvoVgs8kA=="
      },
      "JsonPointer.Net": {
        "type": "Transitive",
        "resolved": "5.3.1",
        "contentHash": "3e2OJjU0OaE26XC/klgxbJuXvteFWTDJIJv0ITYWcJEoskq7jzUwPSC1s0iz4wPPQnfN7vwwFmg2gJfwRAPwgw==",
        "dependencies": {
          "Humanizer.Core": "2.14.1",
          "Json.More.Net": "2.1.1"
        }
      },
      "Microsoft.Extensions.AI.Abstractions": {
        "type": "Transitive",
        "resolved": "10.10.0",
        "contentHash": "frBHj2ckpevA+KdDLikxv8oxGPrJiyTvaiblYp+vtVEt0q6J73XP5m2SICm86nFK6rl+L1GCKxIy4S5Lb3p2kQ=="
      },
      "Microsoft.Extensions.Caching.Abstractions": {
        "type": "Transitive",
        "resolved": "10.0.12",
        "contentHash": "sI3A6MUAyZwccLnwq0cXuRmC3WBtXieimBWafXSfhRJ4jnM2uGVXrqImDDVyW27u4vVaTOGlJxNJd8d1FGvCNQ==",
        "dependencies": {
          "Microsoft.Extensions.Primitives": "10.0.12"
        }
      },
      "Microsoft.Extensions.Configuration.Abstractions": {
        "type": "Transitive",
        "resolved": "10.0.3",
        "contentHash": "xVDHL0+SIgemfh95fTO9cGLe17TWv/ZP0n7m01z8X6pzt2DmQpucioWR/mYZA1sRlkWnkXzfl0JweLNWmE9WMg==",
        "dependencies": {
          "Microsoft.Extensions.Primitives": "10.0.3"
        }
      },
      "Microsoft.Extensions.DependencyInjection.Abstractions": {
        "type": "Transitive",
        "resolved": "10.0.12",
        "contentHash": "9/qymSh7hVDMGTGwrLz8MRp5zRyXy9adGDOs4HwRdnLil3oZGYuWeZjbmHgCQ9BL1qBroVfgUK3U/nb61617Cw=="
      },
      "Microsoft.Extensions.Diagnostics.Abstractions": {
        "type": "Transitive",
        "resolved": "10.0.3",
        "contentHash": "mQiTzAj7PIJ2A9YXR5QhgulS1fTWhmQc3ckd1Mrf3hKW07d03fBDqx8vVaFw+cRTebDOeB6pNqdWdnRxsi1hBA==",
        "dependencies": {
          "Microsoft.Extensions.DependencyInjection.Abstractions": "10.0.3",
          "Microsoft.Extensions.Options": "10.0.3"
        }
      },
      "Microsoft.Extensions.FileProviders.Abstractions": {
        "type": "Transitive",
        "resolved": "10.0.3",
        "contentHash": "4TD9AXDRsipTmaemwnjt/DM5Ri0de2JzHQhvZ4woBTjUtL4XrPNsMrOk5oiLJAx1gTrE6pOIhxv+lEde5F6CZA==",
        "dependencies": {
          "Microsoft.Extensions.Primitives": "10.0.3"
        }
      },
      "Microsoft.Extensions.Hosting.Abstractions": {
        "type": "Transitive",
        "resolved": "10.0.3",
        "contentHash": "GdMpC10Jf6poxSvUJ4lgYpJ5F/kJeaAoJmrPufjBoPYyCTKKY5Dyl0rZA+LBNvFqTq1cZa/lhlptlUhNvU6xrg==",
        "dependencies": {
          "Microsoft.Extensions.Configuration.Abstractions": "10.0.3",
          "Microsoft.Extensions.DependencyInjection.Abstractions": "10.0.3",
          "Microsoft.Extensions.Diagnostics.Abstractions": "10.0.3",
          "Microsoft.Extensions.FileProviders.Abstractions": "10.0.3",
          "Microsoft.Extensions.Logging.Abstractions": "10.0.3"
        }
      },
      "Microsoft.Extensions.Logging.Abstractions": {
        "type": "Transitive",
        "resolved": "10.0.12",
        "contentHash": "+24lC4plfbEDNfLAdTV/SWKS7dW+16X4HdydO3R++134kSNTzcbYA4KpR1Hdh6uWisB8Za3AzwyOn+K+NxWIug==",
        "dependencies": {
          "Microsoft.Extensions.DependencyInjection.Abstractions": "10.0.12"
        }
      },
      "Microsoft.Extensions.Primitives": {
        "type": "Transitive",
        "resolved": "10.0.12",
        "contentHash": "dYfCLR52UA+3DL7C4I/pvSaRPkNqxrUAQmbFL2u0zvYKKzqgrFCJl08Df+F1aYc8leu9JvpC9bsURUdpExcBXQ=="
      },
      "OpenAI": {
        "type": "Transitive",
        "resolved": "2.13.0",
        "contentHash": "fKgWod3UNE+wPkJuLCiWC7FKh3YSEIHa6QK9gKxCVZ4UYsV9+Gwzg4cEDnvVaIiwc00RTwEuhiOn1Rbk4nLjtw==",
        "dependencies": {
          "System.ClientModel": "1.14.0"
        }
      },
      "Polly.Core": {
        "type": "Transitive",
        "resolved": "8.5.2",
        "contentHash": "1MJKdxv4zwDmiWvYvVN24DsrWUfgQ4F83voH8bhbtLMdPuGy8CfTUzsgQhvyrl1a7hrM6f/ydwLVdVUI0xooUw=="
      },
      "System.ClientModel": {
        "type": "Transitive",
        "resolved": "1.14.0",
        "contentHash": "yhIJHDW3Hh5kcvhHv3ww1T8qvya06Nlwo/SR/rke4/fHXtyKiqQV/9b/VDhnVI7QUcMnpfvh4pIEFhNsTDLeKQ==",
        "dependencies": {
          "Microsoft.Extensions.Configuration.Abstractions": "10.0.3",
          "Microsoft.Extensions.Hosting.Abstractions": "10.0.3",
          "Microsoft.Extensions.Logging.Abstractions": "10.0.3",
          "System.Memory.Data": "10.0.3"
        }
      },
      "System.Memory.Data": {
        "type": "Transitive",
        "resolved": "10.0.3",
        "contentHash": "MaGhRfGunmrj/nHjtsi9XkhlYJ/ERGWrbA+BiSKNtGnAjc9XlG5EhAvak6VRcX5LYzPF6pBO8nJ613dTgzabig=="
      },
      "System.Numerics.Tensors": {
        "type": "Transitive",
        "resolved": "10.0.12",
        "contentHash": "17brFrnQHV/XMMazXNqFq4GkvzWy8yzDPo5Gb8TT8zJtMFbUqDycOCyPCp9F+eMc4L75kcCKRZqaeBHMwLCL9Q=="
      },
      "lifesim.core": {
        "type": "Project",
        "dependencies": {
          "Microsoft.Extensions.Options": "[10.0.11, )"
        }
      },
      "Microsoft.Extensions.Options": {
        "type": "CentralTransitive",
        "requested": "[10.0.11, )",
        "resolved": "10.0.11",
        "contentHash": "eY1GAKcTfD2maP27J84X9IovT3yjHJ2dVDzPmDg6/XqYvt3jMzJhtfQCLjG9pVsZGAd+8DQ2QrjaDcs2+VQLGw==",
        "dependencies": {
          "Microsoft.Extensions.DependencyInjection.Abstractions": "10.0.11",
          "Microsoft.Extensions.Primitives": "10.0.11"
        }
      }
    }
  }
}